{
  "version": 4,
  "terraform_version": "1.7.5",
  "serial": 329,
  "lineage": "eb893457-7fde-d73e-1f69-d1eb861023f2",
  "outputs": {
    "external-ip-address-master-vm": {
      "value": "178.154.202.116",
      "type": "string"
    },
    "fqdn-master-vm": {
      "value": "master-vm.ru-central1.internal",
      "type": "string"
    }
  },
  "resources": [
    {
      "mode": "managed",
      "type": "local_file",
      "name": "ansible-inventory-kubespray",
      "provider": "provider[\"registry.terraform.io/hashicorp/local\"]",
      "instances": [
        {
          "schema_version": 0,
          "attributes": {
            "content": "all:\n  hosts:\n    master-vm.ru-central1.internal:\n      ansible_host: 192.168.100.21\n      ip: 192.168.100.21\n      access_ip: 192.168.100.21\n    worker-vm-1.ru-central1.internal:\n      ansible_host: 192.168.100.22\n      ip: 192.168.100.22\n      access_ip: 192.168.100.22\n    worker-vm-2.ru-central1.internal:\n      ansible_host: 192.168.150.11\n      ip: 192.168.150.11\n      access_ip: 192.168.150.11\n    worker-vm-3.ru-central1.internal:\n      ansible_host: 192.168.200.7\n      ip: 192.168.200.7\n      access_ip: 192.168.200.7\n  children:\n    kube_control_plane:\n      hosts:\n        master-vm.ru-central1.internal:\n    kube_node:\n      hosts:\n        worker-vm-1.ru-central1.internal:\n        worker-vm-2.ru-central1.internal:\n        worker-vm-3.ru-central1.internal:\n    etcd:\n      hosts:\n        master-vm.ru-central1.internal:\n    k8s_cluster:\n      children:\n        kube_control_plane:\n        kube_node:\n    calico_rr:\n      hosts: {}\n",
            "content_base64": null,
            "content_base64sha256": "M8gd+cvukdlBzN1Fx0M5LPABCJsti6ly5ruBkfiXQew=",
            "content_base64sha512": "Brvc6rFqV62wPqjdNF2pKh2XTBLmLMEYEiCVHu5f2YuoJ3Q9XNXMuqNQk4Dh4WRbmYkKmoc4yR7sYW3NY4qelw==",
            "content_md5": "3d39bf0a8171486ce3f38edaefbb4bb3",
            "content_sha1": "8f7a2971888be6ec53503cea118aad21b5c9c183",
            "content_sha256": "33c81df9cbee91d941ccdd45c743392cf001089b2d8ba972e6bb8191f89741ec",
            "content_sha512": "06bbdceab16a57adb03ea8dd345da92a1d974c12e62cc1181220951eee5fd98ba827743d5cd5ccbaa3509380e1e1645b99890a9a8738c91eec616dcd638a9e97",
            "directory_permission": "0777",
            "file_permission": "0777",
            "filename": "../ansible/ansible-inventory-kubespray",
            "id": "8f7a2971888be6ec53503cea118aad21b5c9c183",
            "sensitive_content": null,
            "source": null
          },
          "sensitive_attributes": [],
          "dependencies": [
            "yandex_compute_instance.master-vm",
            "yandex_compute_instance.worker-vm-1",
            "yandex_compute_instance.worker-vm-2",
            "yandex_compute_instance.worker-vm-3",
            "yandex_vpc_network.net-diplom",
            "yandex_vpc_subnet.subnet-a",
            "yandex_vpc_subnet.subnet-b",
            "yandex_vpc_subnet.subnet-d"
          ]
        }
      ]
    },
    {
      "mode": "managed",
      "type": "local_file",
      "name": "ansible-inventory-master-vm",
      "provider": "provider[\"registry.terraform.io/hashicorp/local\"]",
      "instances": [
        {
          "schema_version": 0,
          "attributes": {
            "content": "kuber:\n  hosts:\n    master-vm.ru-central1.internal:\n      ansible_host: 178.154.202.116\n",
            "content_base64": null,
            "content_base64sha256": "DhreYvkGyVQza+c+y+PYFN2g6YDQVV5NAXepQlnwb7U=",
            "content_base64sha512": "qaAzMmXVXcJSKLphxIJxMzBq69hntU0NKiSZtOtZR7Ft7EnZ+eMP0pZByngXs+ATkHyzWMwTAzSeRCudL1GT0w==",
            "content_md5": "ce34d40492275010fcb2086f1d71452c",
            "content_sha1": "0abf46dd368c5696504651d65bc65f91ec75bb34",
            "content_sha256": "0e1ade62f906c954336be73ecbe3d814dda0e980d0555e4d0177a94259f06fb5",
            "content_sha512": "a9a0333265d55dc25228ba61c4827133306aebd867b54d0d2a2499b4eb5947b16dec49d9f9e30fd29641ca7817b3e013907cb358cc1303349e442b9d2f5193d3",
            "directory_permission": "0777",
            "file_permission": "0777",
            "filename": "../ansible/ansible-inventory-master-vm",
            "id": "0abf46dd368c5696504651d65bc65f91ec75bb34",
            "sensitive_content": null,
            "source": null
          },
          "sensitive_attributes": [],
          "dependencies": [
            "yandex_compute_instance.master-vm",
            "yandex_compute_instance.worker-vm-1",
            "yandex_compute_instance.worker-vm-2",
            "yandex_compute_instance.worker-vm-3",
            "yandex_vpc_network.net-diplom",
            "yandex_vpc_subnet.subnet-a",
            "yandex_vpc_subnet.subnet-b",
            "yandex_vpc_subnet.subnet-d"
          ]
        }
      ]
    },
    {
      "mode": "managed",
      "type": "local_file",
      "name": "backendConf",
      "provider": "provider[\"registry.terraform.io/hashicorp/local\"]",
      "instances": [
        {
          "schema_version": 0,
          "attributes": {
            "content": "endpoint = \"storage.yandexcloud.net\"\nbucket = \"sa-backet\"\nregion = \"ru-central1\"\nkey = \"terraform/terraform.tfstate\"\naccess_key = \"YCAJEavwgHdhTgzwW2m9rfLVL\"\nsecret_key = \"YCOWzDszrY02Rz8qCRXKMpC1tWvvSBh-W9ZgqK6v\"\nskip_region_validation = true\nskip_credentials_validation = true\n",
            "content_base64": null,
            "content_base64sha256": "3ts9b82cDZ5yvNMjf2BZv5KcozOM3clOg8WFSt6ivv8=",
            "content_base64sha512": "/iVqwigj847IwkJgtHWg2AH+6NfnZ3gr7CqszLrgJDYxOMTSgqgc93T/ORzhmIlq18E8UTuGq+zf90KHYj1EdA==",
            "content_md5": "7f13fe1af0d510bef0236f31ad8614b7",
            "content_sha1": "fefff155d708d95a8a70c1b6761eadf121d54ae5",
            "content_sha256": "dedb3d6fcd9c0d9e72bcd3237f6059bf929ca3338cddc94e83c5854adea2beff",
            "content_sha512": "fe256ac22823f38ec8c24260b475a0d801fee8d7e767782bec2aacccbae024363138c4d282a81cf774ff391ce198896ad7c13c513b86abecdff74287623d4474",
            "directory_permission": "0777",
            "file_permission": "0777",
            "filename": "../backend.key",
            "id": "fefff155d708d95a8a70c1b6761eadf121d54ae5",
            "sensitive_content": null,
            "source": null
          },
          "sensitive_attributes": [
            [
              {
                "type": "get_attr",
                "value": "content"
              }
            ]
          ],
          "dependencies": [
            "yandex_iam_service_account.sa-diplom",
            "yandex_iam_service_account_static_access_key.sa-static-key",
            "yandex_storage_bucket.sa-backet"
          ]
        }
      ]
    },
    {
      "mode": "managed",
      "type": "local_file",
      "name": "deploy-k8s",
      "provider": "provider[\"registry.terraform.io/hashicorp/local\"]",
      "instances": [
        {
          "schema_version": 0,
          "attributes": {
            "content": "#!/bin/bash\nset -euxo pipefail\nexport ANSIBLE_HOST_KEY_CHECKING=False; ansible-playbook -i ansible-inventory-master-vm prepare-master.yml\nsleep 20\nssh ubuntu@178.154.202.116 'export ANSIBLE_HOST_KEY_CHECKING=False; export ANSIBLE_ROLES_PATH=/home/ubuntu/kubespray/roles:/home/ubuntu/.ansible/roles:/usr/share/ansible/roles:/etc/ansible/roles; ansible-playbook -i /home/ubuntu/kubespray/inventory/mycluster/hosts.yaml -u ubuntu -b -v --private-key=/home/ubuntu/.ssh/id_rsa /home/ubuntu/kubespray/cluster.yml'\nsleep 20\nexport ANSIBLE_HOST_KEY_CHECKING=False; ansible-playbook -i ansible-inventory-master-vm get-kubeconfig.yml\nsleep 5\nsed -i -e 's,server: https://127.0.0.1:6443,server: https://178.154.202.116:6443,g'  ~/.kube/config\n",
            "content_base64": null,
            "content_base64sha256": "JiTTSSbD/Z9y1ALBKQVEEnzo65e1GCLCHIy1/rmTjMo=",
            "content_base64sha512": "ytX84v8Wdmn0m0tDXVn0QELmZa4jSH6MELDGi0FRuuI8jg4Fvo+RirFhEuleb7PG/XRHDcwLp92d4zRMsGLBSQ==",
            "content_md5": "a2cee21b22c5428e679dd261ba6c0098",
            "content_sha1": "732e7cb166e076a0f60f6764c5aa7c8461342599",
            "content_sha256": "2624d34926c3fd9f72d402c1290544127ce8eb97b51822c21c8cb5feb9938cca",
            "content_sha512": "cad5fce2ff167669f49b4b435d59f44042e665ae23487e8c10b0c68b4151bae23c8e0e05be8f918ab16112e95e6fb3c6fd74470dcc0ba7dd9de3344cb062c149",
            "directory_permission": "0777",
            "file_permission": "0777",
            "filename": "../ansible/deploy-k8s.sh",
            "id": "732e7cb166e076a0f60f6764c5aa7c8461342599",
            "sensitive_content": null,
            "source": null
          },
          "sensitive_attributes": [],
          "dependencies": [
            "yandex_compute_instance.master-vm",
            "yandex_compute_instance.worker-vm-1",
            "yandex_compute_instance.worker-vm-2",
            "yandex_compute_instance.worker-vm-3",
            "yandex_vpc_network.net-diplom",
            "yandex_vpc_subnet.subnet-a",
            "yandex_vpc_subnet.subnet-b",
            "yandex_vpc_subnet.subnet-d"
          ]
        }
      ]
    },
    {
      "mode": "managed",
      "type": "null_resource",
      "name": "ansible-kubespray-k8s-config",
      "provider": "provider[\"registry.terraform.io/hashicorp/null\"]",
      "instances": [
        {
          "schema_version": 0,
          "attributes": {
            "id": "6143473738366765999",
            "triggers": null
          },
          "sensitive_attributes": [],
          "dependencies": [
            "yandex_compute_instance.master-vm",
            "yandex_compute_instance.worker-vm-1",
            "yandex_compute_instance.worker-vm-2",
            "yandex_compute_instance.worker-vm-3",
            "yandex_vpc_network.net-diplom",
            "yandex_vpc_subnet.subnet-a",
            "yandex_vpc_subnet.subnet-b",
            "yandex_vpc_subnet.subnet-d"
          ]
        }
      ]
    },
    {
      "mode": "managed",
      "type": "null_resource",
      "name": "ansible-kubespray-k8s-config-add",
      "provider": "provider[\"registry.terraform.io/hashicorp/null\"]",
      "instances": [
        {
          "schema_version": 0,
          "attributes": {
            "id": "4247800208252413195",
            "triggers": null
          },
          "sensitive_attributes": [],
          "dependencies": [
            "null_resource.ansible-kubespray-k8s-config",
            "yandex_compute_instance.master-vm",
            "yandex_compute_instance.worker-vm-1",
            "yandex_compute_instance.worker-vm-2",
            "yandex_compute_instance.worker-vm-3",
            "yandex_vpc_network.net-diplom",
            "yandex_vpc_subnet.subnet-a",
            "yandex_vpc_subnet.subnet-b",
            "yandex_vpc_subnet.subnet-d"
          ]
        }
      ]
    },
    {
      "mode": "managed",
      "type": "null_resource",
      "name": "chmod",
      "provider": "provider[\"registry.terraform.io/hashicorp/null\"]",
      "instances": [
        {
          "schema_version": 0,
          "attributes": {
            "id": "4431347738111885897",
            "triggers": null
          },
          "sensitive_attributes": [],
          "dependencies": [
            "local_file.deploy-k8s",
            "yandex_compute_instance.master-vm",
            "yandex_compute_instance.worker-vm-1",
            "yandex_compute_instance.worker-vm-2",
            "yandex_compute_instance.worker-vm-3",
            "yandex_vpc_network.net-diplom",
            "yandex_vpc_subnet.subnet-a",
            "yandex_vpc_subnet.subnet-b",
            "yandex_vpc_subnet.subnet-d"
          ]
        }
      ]
    },
    {
      "mode": "managed",
      "type": "yandex_compute_instance",
      "name": "master-vm",
      "provider": "provider[\"registry.terraform.io/yandex-cloud/yandex\"]",
      "instances": [
        {
          "schema_version": 1,
          "attributes": {
            "allow_recreate": null,
            "allow_stopping_for_update": null,
            "boot_disk": [
              {
                "auto_delete": true,
                "device_name": "fhm10oulsb16cihvjsvf",
                "disk_id": "fhm10oulsb16cihvjsvf",
                "initialize_params": [
                  {
                    "block_size": 4096,
                    "description": "",
                    "image_id": "fd83s8u085j3mq231ago",
                    "name": "",
                    "size": 20,
                    "snapshot_id": "",
                    "type": "network-hdd"
                  }
                ],
                "mode": "READ_WRITE"
              }
            ],
            "created_at": "2024-03-23T18:57:34Z",
            "description": "",
            "filesystem": [],
            "folder_id": "b1ggeu1uli4e9e4hdqe1",
            "fqdn": "master-vm.ru-central1.internal",
            "gpu_cluster_id": "",
            "hostname": "master-vm",
            "id": "fhmi1j9o0btlejdp7b7a",
            "labels": null,
            "local_disk": [],
            "maintenance_grace_period": "",
            "maintenance_policy": null,
            "metadata": {
              "ssh-keys": "ubuntu:ssh-rsa AAAAB3NzaC1yc2EAAAADAQABAAABgQCmnLsnkJNn+xybcqA93mVusB3FaqLBVRcaR4NWlExR8zRQriKo2GEa+Zc/VbHfR70Ne+0DZChh5QZo1kzJLry/Psg+vFIICsGJuBnW5GCK3lCXNOTiHtUUEMRF+O5TjiStwuog3Pd75rTyJtLEZ3wFF5aeS/m3XHUEhRB4SAYsd3s8hQraQ3X77z6tmPXFH0RuXOzu27ypgPqZPVWCQLRHPf7zHXdBJbf/fxP3rTGXKPTjlGbNwJGHb+FdeOF/AmRr5m1T2gVrxQtrWaBA1GN/oOIGhgbQ31gedJJ0sR+nBgzwYbVLyLPkoUXFdef5t018CFOOPEonwcLItRcwD+MsRE/EdYcXeVY4Y43nsA6ap1sz7OptR+Uv/f/yNOc9/cguTifYANJZ0DW720OUUI+ZF7fTNVNUzx5p30Nmn2r2+WFKG6BY7ACEJJIeX/h+PHBBl+z0FhWR7xohMvbSV/H9u0aGZX/Lg1VyT5O0tNoEG2/1qp27Ia0u/H/1YuWjXd0= oleg@oleg-ubu\n"
            },
            "metadata_options": [
              {
                "aws_v1_http_endpoint": 1,
                "aws_v1_http_token": 2,
                "gce_http_endpoint": 1,
                "gce_http_token": 1
              }
            ],
            "name": "master-vm",
            "network_acceleration_type": "standard",
            "network_interface": [
              {
                "dns_record": [],
                "index": 0,
                "ip_address": "192.168.100.21",
                "ipv4": true,
                "ipv6": false,
                "ipv6_address": "",
                "ipv6_dns_record": [],
                "mac_address": "d0:0d:12:0c:d3:80",
                "nat": true,
                "nat_dns_record": [],
                "nat_ip_address": "178.154.202.116",
                "nat_ip_version": "IPV4",
                "security_group_ids": [],
                "subnet_id": "e9b70u4f8jto455kv5v6"
              }
            ],
            "placement_policy": [
              {
                "host_affinity_rules": [],
                "placement_group_id": "",
                "placement_group_partition": 0
              }
            ],
            "platform_id": "standard-v1",
            "resources": [
              {
                "core_fraction": 100,
                "cores": 4,
                "gpus": 0,
                "memory": 8
              }
            ],
            "scheduling_policy": [
              {
                "preemptible": false
              }
            ],
            "secondary_disk": [],
            "service_account_id": "",
            "status": "running",
            "timeouts": null,
            "zone": "ru-central1-a"
          },
          "sensitive_attributes": [],
          "private": "eyJlMmJmYjczMC1lY2FhLTExZTYtOGY4OC0zNDM2M2JjN2M0YzAiOnsiY3JlYXRlIjozMDAwMDAwMDAwMDAsImRlbGV0ZSI6MzAwMDAwMDAwMDAwLCJ1cGRhdGUiOjMwMDAwMDAwMDAwMH0sInNjaGVtYV92ZXJzaW9uIjoiMSJ9",
          "dependencies": [
            "yandex_vpc_network.net-diplom",
            "yandex_vpc_subnet.subnet-a"
          ]
        }
      ]
    },
    {
      "mode": "managed",
      "type": "yandex_compute_instance",
      "name": "worker-vm-1",
      "provider": "provider[\"registry.terraform.io/yandex-cloud/yandex\"]",
      "instances": [
        {
          "schema_version": 1,
          "attributes": {
            "allow_recreate": null,
            "allow_stopping_for_update": null,
            "boot_disk": [
              {
                "auto_delete": true,
                "device_name": "fhme3h5e67uheii6raqb",
                "disk_id": "fhme3h5e67uheii6raqb",
                "initialize_params": [
                  {
                    "block_size": 4096,
                    "description": "",
                    "image_id": "fd83s8u085j3mq231ago",
                    "name": "",
                    "size": 20,
                    "snapshot_id": "",
                    "type": "network-hdd"
                  }
                ],
                "mode": "READ_WRITE"
              }
            ],
            "created_at": "2024-03-23T18:57:34Z",
            "description": "",
            "filesystem": [],
            "folder_id": "b1ggeu1uli4e9e4hdqe1",
            "fqdn": "worker-vm-1.ru-central1.internal",
            "gpu_cluster_id": "",
            "hostname": "worker-vm-1",
            "id": "fhmrv6g68776t12mq3bu",
            "labels": null,
            "local_disk": [],
            "maintenance_grace_period": "",
            "maintenance_policy": null,
            "metadata": {
              "ssh-keys": "ubuntu:ssh-rsa AAAAB3NzaC1yc2EAAAADAQABAAABgQCmnLsnkJNn+xybcqA93mVusB3FaqLBVRcaR4NWlExR8zRQriKo2GEa+Zc/VbHfR70Ne+0DZChh5QZo1kzJLry/Psg+vFIICsGJuBnW5GCK3lCXNOTiHtUUEMRF+O5TjiStwuog3Pd75rTyJtLEZ3wFF5aeS/m3XHUEhRB4SAYsd3s8hQraQ3X77z6tmPXFH0RuXOzu27ypgPqZPVWCQLRHPf7zHXdBJbf/fxP3rTGXKPTjlGbNwJGHb+FdeOF/AmRr5m1T2gVrxQtrWaBA1GN/oOIGhgbQ31gedJJ0sR+nBgzwYbVLyLPkoUXFdef5t018CFOOPEonwcLItRcwD+MsRE/EdYcXeVY4Y43nsA6ap1sz7OptR+Uv/f/yNOc9/cguTifYANJZ0DW720OUUI+ZF7fTNVNUzx5p30Nmn2r2+WFKG6BY7ACEJJIeX/h+PHBBl+z0FhWR7xohMvbSV/H9u0aGZX/Lg1VyT5O0tNoEG2/1qp27Ia0u/H/1YuWjXd0= oleg@oleg-ubu\n"
            },
            "metadata_options": [
              {
                "aws_v1_http_endpoint": 1,
                "aws_v1_http_token": 2,
                "gce_http_endpoint": 1,
                "gce_http_token": 1
              }
            ],
            "name": "worker-vm-1",
            "network_acceleration_type": "standard",
            "network_interface": [
              {
                "dns_record": [],
                "index": 0,
                "ip_address": "192.168.100.22",
                "ipv4": true,
                "ipv6": false,
                "ipv6_address": "",
                "ipv6_dns_record": [],
                "mac_address": "d0:0d:1b:f9:a0:64",
                "nat": true,
                "nat_dns_record": [],
                "nat_ip_address": "158.160.62.37",
                "nat_ip_version": "IPV4",
                "security_group_ids": [],
                "subnet_id": "e9b70u4f8jto455kv5v6"
              }
            ],
            "placement_policy": [
              {
                "host_affinity_rules": [],
                "placement_group_id": "",
                "placement_group_partition": 0
              }
            ],
            "platform_id": "standard-v1",
            "resources": [
              {
                "core_fraction": 100,
                "cores": 2,
                "gpus": 0,
                "memory": 4
              }
            ],
            "scheduling_policy": [
              {
                "preemptible": false
              }
            ],
            "secondary_disk": [],
            "service_account_id": "",
            "status": "running",
            "timeouts": null,
            "zone": "ru-central1-a"
          },
          "sensitive_attributes": [],
          "private": "eyJlMmJmYjczMC1lY2FhLTExZTYtOGY4OC0zNDM2M2JjN2M0YzAiOnsiY3JlYXRlIjozMDAwMDAwMDAwMDAsImRlbGV0ZSI6MzAwMDAwMDAwMDAwLCJ1cGRhdGUiOjMwMDAwMDAwMDAwMH0sInNjaGVtYV92ZXJzaW9uIjoiMSJ9",
          "dependencies": [
            "yandex_vpc_network.net-diplom",
            "yandex_vpc_subnet.subnet-a"
          ]
        }
      ]
    },
    {
      "mode": "managed",
      "type": "yandex_compute_instance",
      "name": "worker-vm-2",
      "provider": "provider[\"registry.terraform.io/yandex-cloud/yandex\"]",
      "instances": [
        {
          "schema_version": 1,
          "attributes": {
            "allow_recreate": null,
            "allow_stopping_for_update": null,
            "boot_disk": [
              {
                "auto_delete": true,
                "device_name": "epdpjkopjo9th0jfqgqh",
                "disk_id": "epdpjkopjo9th0jfqgqh",
                "initialize_params": [
                  {
                    "block_size": 4096,
                    "description": "",
                    "image_id": "fd83s8u085j3mq231ago",
                    "name": "",
                    "size": 20,
                    "snapshot_id": "",
                    "type": "network-hdd"
                  }
                ],
                "mode": "READ_WRITE"
              }
            ],
            "created_at": "2024-03-23T18:57:35Z",
            "description": "",
            "filesystem": [],
            "folder_id": "b1ggeu1uli4e9e4hdqe1",
            "fqdn": "worker-vm-2.ru-central1.internal",
            "gpu_cluster_id": "",
            "hostname": "worker-vm-2",
            "id": "epd5al8f78k80o3fteiv",
            "labels": null,
            "local_disk": [],
            "maintenance_grace_period": "",
            "maintenance_policy": null,
            "metadata": {
              "ssh-keys": "ubuntu:ssh-rsa AAAAB3NzaC1yc2EAAAADAQABAAABgQCmnLsnkJNn+xybcqA93mVusB3FaqLBVRcaR4NWlExR8zRQriKo2GEa+Zc/VbHfR70Ne+0DZChh5QZo1kzJLry/Psg+vFIICsGJuBnW5GCK3lCXNOTiHtUUEMRF+O5TjiStwuog3Pd75rTyJtLEZ3wFF5aeS/m3XHUEhRB4SAYsd3s8hQraQ3X77z6tmPXFH0RuXOzu27ypgPqZPVWCQLRHPf7zHXdBJbf/fxP3rTGXKPTjlGbNwJGHb+FdeOF/AmRr5m1T2gVrxQtrWaBA1GN/oOIGhgbQ31gedJJ0sR+nBgzwYbVLyLPkoUXFdef5t018CFOOPEonwcLItRcwD+MsRE/EdYcXeVY4Y43nsA6ap1sz7OptR+Uv/f/yNOc9/cguTifYANJZ0DW720OUUI+ZF7fTNVNUzx5p30Nmn2r2+WFKG6BY7ACEJJIeX/h+PHBBl+z0FhWR7xohMvbSV/H9u0aGZX/Lg1VyT5O0tNoEG2/1qp27Ia0u/H/1YuWjXd0= oleg@oleg-ubu\n"
            },
            "metadata_options": [
              {
                "aws_v1_http_endpoint": 1,
                "aws_v1_http_token": 2,
                "gce_http_endpoint": 1,
                "gce_http_token": 1
              }
            ],
            "name": "worker-vm-2",
            "network_acceleration_type": "standard",
            "network_interface": [
              {
                "dns_record": [],
                "index": 0,
                "ip_address": "192.168.150.11",
                "ipv4": true,
                "ipv6": false,
                "ipv6_address": "",
                "ipv6_dns_record": [],
                "mac_address": "d0:0d:55:55:0f:3a",
                "nat": true,
                "nat_dns_record": [],
                "nat_ip_address": "158.160.74.244",
                "nat_ip_version": "IPV4",
                "security_group_ids": [],
                "subnet_id": "e2lrus4j6abofjid6ee3"
              }
            ],
            "placement_policy": [
              {
                "host_affinity_rules": [],
                "placement_group_id": "",
                "placement_group_partition": 0
              }
            ],
            "platform_id": "standard-v1",
            "resources": [
              {
                "core_fraction": 100,
                "cores": 2,
                "gpus": 0,
                "memory": 4
              }
            ],
            "scheduling_policy": [
              {
                "preemptible": false
              }
            ],
            "secondary_disk": [],
            "service_account_id": "",
            "status": "running",
            "timeouts": null,
            "zone": "ru-central1-b"
          },
          "sensitive_attributes": [],
          "private": "eyJlMmJmYjczMC1lY2FhLTExZTYtOGY4OC0zNDM2M2JjN2M0YzAiOnsiY3JlYXRlIjozMDAwMDAwMDAwMDAsImRlbGV0ZSI6MzAwMDAwMDAwMDAwLCJ1cGRhdGUiOjMwMDAwMDAwMDAwMH0sInNjaGVtYV92ZXJzaW9uIjoiMSJ9",
          "dependencies": [
            "yandex_vpc_network.net-diplom",
            "yandex_vpc_subnet.subnet-b"
          ]
        }
      ]
    },
    {
      "mode": "managed",
      "type": "yandex_compute_instance",
      "name": "worker-vm-3",
      "provider": "provider[\"registry.terraform.io/yandex-cloud/yandex\"]",
      "instances": [
        {
          "schema_version": 1,
          "attributes": {
            "allow_recreate": null,
            "allow_stopping_for_update": null,
            "boot_disk": [
              {
                "auto_delete": true,
                "device_name": "epdtgvtkuq3bp4aieddm",
                "disk_id": "epdtgvtkuq3bp4aieddm",
                "initialize_params": [
                  {
                    "block_size": 4096,
                    "description": "",
                    "image_id": "fd83s8u085j3mq231ago",
                    "name": "",
                    "size": 20,
                    "snapshot_id": "",
                    "type": "network-hdd"
                  }
                ],
                "mode": "READ_WRITE"
              }
            ],
            "created_at": "2024-03-23T18:57:34Z",
            "description": "",
            "filesystem": [],
            "folder_id": "b1ggeu1uli4e9e4hdqe1",
            "fqdn": "worker-vm-3.ru-central1.internal",
            "gpu_cluster_id": "",
            "hostname": "worker-vm-3",
            "id": "epdqkmapdcfb79vhh8r8",
            "labels": null,
            "local_disk": [],
            "maintenance_grace_period": "",
            "maintenance_policy": null,
            "metadata": {
              "ssh-keys": "ubuntu:ssh-rsa AAAAB3NzaC1yc2EAAAADAQABAAABgQCmnLsnkJNn+xybcqA93mVusB3FaqLBVRcaR4NWlExR8zRQriKo2GEa+Zc/VbHfR70Ne+0DZChh5QZo1kzJLry/Psg+vFIICsGJuBnW5GCK3lCXNOTiHtUUEMRF+O5TjiStwuog3Pd75rTyJtLEZ3wFF5aeS/m3XHUEhRB4SAYsd3s8hQraQ3X77z6tmPXFH0RuXOzu27ypgPqZPVWCQLRHPf7zHXdBJbf/fxP3rTGXKPTjlGbNwJGHb+FdeOF/AmRr5m1T2gVrxQtrWaBA1GN/oOIGhgbQ31gedJJ0sR+nBgzwYbVLyLPkoUXFdef5t018CFOOPEonwcLItRcwD+MsRE/EdYcXeVY4Y43nsA6ap1sz7OptR+Uv/f/yNOc9/cguTifYANJZ0DW720OUUI+ZF7fTNVNUzx5p30Nmn2r2+WFKG6BY7ACEJJIeX/h+PHBBl+z0FhWR7xohMvbSV/H9u0aGZX/Lg1VyT5O0tNoEG2/1qp27Ia0u/H/1YuWjXd0= oleg@oleg-ubu\n"
            },
            "metadata_options": [
              {
                "aws_v1_http_endpoint": 1,
                "aws_v1_http_token": 2,
                "gce_http_endpoint": 1,
                "gce_http_token": 1
              }
            ],
            "name": "worker-vm-3",
            "network_acceleration_type": "standard",
            "network_interface": [
              {
                "dns_record": [],
                "index": 0,
                "ip_address": "192.168.200.7",
                "ipv4": true,
                "ipv6": false,
                "ipv6_address": "",
                "ipv6_dns_record": [],
                "mac_address": "d0:0d:1a:a5:95:96",
                "nat": true,
                "nat_dns_record": [],
                "nat_ip_address": "158.160.64.161",
                "nat_ip_version": "IPV4",
                "security_group_ids": [],
                "subnet_id": "e2lqm68onr0qoqc2794o"
              }
            ],
            "placement_policy": [
              {
                "host_affinity_rules": [],
                "placement_group_id": "",
                "placement_group_partition": 0
              }
            ],
            "platform_id": "standard-v1",
            "resources": [
              {
                "core_fraction": 100,
                "cores": 2,
                "gpus": 0,
                "memory": 4
              }
            ],
            "scheduling_policy": [
              {
                "preemptible": false
              }
            ],
            "secondary_disk": [],
            "service_account_id": "",
            "status": "running",
            "timeouts": null,
            "zone": "ru-central1-b"
          },
          "sensitive_attributes": [],
          "private": "eyJlMmJmYjczMC1lY2FhLTExZTYtOGY4OC0zNDM2M2JjN2M0YzAiOnsiY3JlYXRlIjozMDAwMDAwMDAwMDAsImRlbGV0ZSI6MzAwMDAwMDAwMDAwLCJ1cGRhdGUiOjMwMDAwMDAwMDAwMH0sInNjaGVtYV92ZXJzaW9uIjoiMSJ9",
          "dependencies": [
            "yandex_vpc_network.net-diplom",
            "yandex_vpc_subnet.subnet-d"
          ]
        }
      ]
    },
    {
      "mode": "managed",
      "type": "yandex_iam_service_account",
      "name": "sa-diplom",
      "provider": "provider[\"registry.terraform.io/yandex-cloud/yandex\"]",
      "instances": [
        {
          "schema_version": 0,
          "attributes": {
            "created_at": "2024-03-23T18:57:31Z",
            "description": "",
            "folder_id": "b1ggeu1uli4e9e4hdqe1",
            "id": "aje71nlbara3cp9ccbvm",
            "name": "sa-diplom",
            "timeouts": null
          },
          "sensitive_attributes": [],
          "private": "eyJlMmJmYjczMC1lY2FhLTExZTYtOGY4OC0zNDM2M2JjN2M0YzAiOnsiY3JlYXRlIjo2MDAwMDAwMDAwMCwiZGVsZXRlIjo2MDAwMDAwMDAwMCwidXBkYXRlIjo2MDAwMDAwMDAwMH19"
        }
      ]
    },
    {
      "mode": "managed",
      "type": "yandex_iam_service_account_static_access_key",
      "name": "sa-static-key",
      "provider": "provider[\"registry.terraform.io/yandex-cloud/yandex\"]",
      "instances": [
        {
          "schema_version": 0,
          "attributes": {
            "access_key": "YCAJEavwgHdhTgzwW2m9rfLVL",
            "created_at": "2024-03-23T18:57:34Z",
            "description": "static access key",
            "encrypted_secret_key": null,
            "id": "ajed6t4ei92o9b1ast0e",
            "key_fingerprint": null,
            "pgp_key": null,
            "secret_key": "YCOWzDszrY02Rz8qCRXKMpC1tWvvSBh-W9ZgqK6v",
            "service_account_id": "aje71nlbara3cp9ccbvm"
          },
          "sensitive_attributes": [],
          "private": "bnVsbA==",
          "dependencies": [
            "yandex_iam_service_account.sa-diplom"
          ]
        }
      ]
    },
    {
      "mode": "managed",
      "type": "yandex_resourcemanager_folder_iam_member",
      "name": "editor",
      "provider": "provider[\"registry.terraform.io/yandex-cloud/yandex\"]",
      "instances": [
        {
          "schema_version": 0,
          "attributes": {
            "folder_id": "b1ggeu1uli4e9e4hdqe1",
            "id": "b1ggeu1uli4e9e4hdqe1/editor/serviceAccount:aje71nlbara3cp9ccbvm",
            "member": "serviceAccount:aje71nlbara3cp9ccbvm",
            "role": "editor",
            "sleep_after": null,
            "timeouts": null
          },
          "sensitive_attributes": [],
          "private": "eyJlMmJmYjczMC1lY2FhLTExZTYtOGY4OC0zNDM2M2JjN2M0YzAiOnsiY3JlYXRlIjo2MDAwMDAwMDAwMCwiZGVmYXVsdCI6NjAwMDAwMDAwMDAsImRlbGV0ZSI6NjAwMDAwMDAwMDAsInJlYWQiOjYwMDAwMDAwMDAwLCJ1cGRhdGUiOjYwMDAwMDAwMDAwfX0=",
          "dependencies": [
            "yandex_iam_service_account.sa-diplom"
          ]
        }
      ]
    },
    {
      "mode": "managed",
      "type": "yandex_storage_bucket",
      "name": "sa-backet",
      "provider": "provider[\"registry.terraform.io/yandex-cloud/yandex\"]",
      "instances": [
        {
          "schema_version": 1,
          "attributes": {
            "access_key": "YCAJEavwgHdhTgzwW2m9rfLVL",
            "acl": "private",
            "anonymous_access_flags": [
              {
                "config_read": false,
                "list": false,
                "read": false
              }
            ],
            "bucket": "sa-backet",
            "bucket_domain_name": "sa-backet.storage.yandexcloud.net",
            "bucket_prefix": null,
            "cors_rule": [],
            "default_storage_class": "STANDARD",
            "folder_id": "b1ggeu1uli4e9e4hdqe1",
            "force_destroy": true,
            "grant": [],
            "https": [],
            "id": "sa-backet",
            "lifecycle_rule": [],
            "logging": [],
            "max_size": 0,
            "object_lock_configuration": [],
            "policy": "",
            "secret_key": "YCOWzDszrY02Rz8qCRXKMpC1tWvvSBh-W9ZgqK6v",
            "server_side_encryption_configuration": [],
            "tags": null,
            "versioning": [
              {
                "enabled": false
              }
            ],
            "website": [],
            "website_domain": null,
            "website_endpoint": null
          },
          "sensitive_attributes": [
            [
              {
                "type": "get_attr",
                "value": "secret_key"
              }
            ]
          ],
          "private": "eyJzY2hlbWFfdmVyc2lvbiI6IjEifQ==",
          "dependencies": [
            "yandex_iam_service_account.sa-diplom",
            "yandex_iam_service_account_static_access_key.sa-static-key"
          ]
        }
      ]
    },
    {
      "mode": "managed",
      "type": "yandex_storage_object",
      "name": "object",
      "provider": "provider[\"registry.terraform.io/yandex-cloud/yandex\"]",
      "instances": [
        {
          "schema_version": 0,
          "attributes": {
            "access_key": "YCAJEavwgHdhTgzwW2m9rfLVL",
            "acl": "private",
            "bucket": "sa-backet",
            "content": null,
            "content_base64": null,
            "content_type": "application/octet-stream",
            "id": "terraform.tfstate",
            "key": "terraform.tfstate",
            "object_lock_legal_hold_status": null,
            "object_lock_mode": null,
            "object_lock_retain_until_date": null,
            "secret_key": "YCOWzDszrY02Rz8qCRXKMpC1tWvvSBh-W9ZgqK6v",
            "source": "./terraform.tfstate",
            "source_hash": null,
            "tags": null
          },
          "sensitive_attributes": [
            [
              {
                "type": "get_attr",
                "value": "secret_key"
              }
            ]
          ],
          "private": "bnVsbA==",
          "dependencies": [
            "yandex_iam_service_account.sa-diplom",
            "yandex_iam_service_account_static_access_key.sa-static-key",
            "yandex_storage_bucket.sa-backet"
          ]
        }
      ]
    },
    {
      "mode": "managed",
      "type": "yandex_vpc_network",
      "name": "net-diplom",
      "provider": "provider[\"registry.terraform.io/yandex-cloud/yandex\"]",
      "instances": [
        {
          "schema_version": 0,
          "attributes": {
            "created_at": "2024-03-23T18:57:31Z",
            "default_security_group_id": "enphnbt5kqs0m1gh9o76",
            "description": "",
            "folder_id": "b1ggeu1uli4e9e4hdqe1",
            "id": "enpac38jo1oj4fv60i4f",
            "labels": {},
            "name": "net-diplom",
            "subnet_ids": [],
            "timeouts": null
          },
          "sensitive_attributes": [],
          "private": "eyJlMmJmYjczMC1lY2FhLTExZTYtOGY4OC0zNDM2M2JjN2M0YzAiOnsiY3JlYXRlIjo2MDAwMDAwMDAwMCwiZGVsZXRlIjo2MDAwMDAwMDAwMCwidXBkYXRlIjo2MDAwMDAwMDAwMH19"
        }
      ]
    },
    {
      "mode": "managed",
      "type": "yandex_vpc_subnet",
      "name": "subnet-a",
      "provider": "provider[\"registry.terraform.io/yandex-cloud/yandex\"]",
      "instances": [
        {
          "schema_version": 0,
          "attributes": {
            "created_at": "2024-03-23T18:57:33Z",
            "description": "",
            "dhcp_options": [],
            "folder_id": "b1ggeu1uli4e9e4hdqe1",
            "id": "e9b70u4f8jto455kv5v6",
            "labels": {},
            "name": "subnet-a",
            "network_id": "enpac38jo1oj4fv60i4f",
            "route_table_id": "",
            "timeouts": null,
            "v4_cidr_blocks": [
              "192.168.100.0/24"
            ],
            "v6_cidr_blocks": [],
            "zone": "ru-central1-a"
          },
          "sensitive_attributes": [],
          "private": "eyJlMmJmYjczMC1lY2FhLTExZTYtOGY4OC0zNDM2M2JjN2M0YzAiOnsiY3JlYXRlIjoxODAwMDAwMDAwMDAsImRlbGV0ZSI6MTgwMDAwMDAwMDAwLCJ1cGRhdGUiOjE4MDAwMDAwMDAwMH19",
          "dependencies": [
            "yandex_vpc_network.net-diplom"
          ]
        }
      ]
    },
    {
      "mode": "managed",
      "type": "yandex_vpc_subnet",
      "name": "subnet-b",
      "provider": "provider[\"registry.terraform.io/yandex-cloud/yandex\"]",
      "instances": [
        {
          "schema_version": 0,
          "attributes": {
            "created_at": "2024-03-23T18:57:35Z",
            "description": "",
            "dhcp_options": [],
            "folder_id": "b1ggeu1uli4e9e4hdqe1",
            "id": "e2lrus4j6abofjid6ee3",
            "labels": {},
            "name": "subnet-b",
            "network_id": "enpac38jo1oj4fv60i4f",
            "route_table_id": "",
            "timeouts": null,
            "v4_cidr_blocks": [
              "192.168.150.0/24"
            ],
            "v6_cidr_blocks": [],
            "zone": "ru-central1-b"
          },
          "sensitive_attributes": [],
          "private": "eyJlMmJmYjczMC1lY2FhLTExZTYtOGY4OC0zNDM2M2JjN2M0YzAiOnsiY3JlYXRlIjoxODAwMDAwMDAwMDAsImRlbGV0ZSI6MTgwMDAwMDAwMDAwLCJ1cGRhdGUiOjE4MDAwMDAwMDAwMH19",
          "dependencies": [
            "yandex_vpc_network.net-diplom"
          ]
        }
      ]
    },
    {
      "mode": "managed",
      "type": "yandex_vpc_subnet",
      "name": "subnet-d",
      "provider": "provider[\"registry.terraform.io/yandex-cloud/yandex\"]",
      "instances": [
        {
          "schema_version": 0,
          "attributes": {
            "created_at": "2024-03-23T18:57:34Z",
            "description": "",
            "dhcp_options": [],
            "folder_id": "b1ggeu1uli4e9e4hdqe1",
            "id": "e2lqm68onr0qoqc2794o",
            "labels": {},
            "name": "subnet-d",
            "network_id": "enpac38jo1oj4fv60i4f",
            "route_table_id": "",
            "timeouts": null,
            "v4_cidr_blocks": [
              "192.168.200.0/24"
            ],
            "v6_cidr_blocks": [],
            "zone": "ru-central1-b"
          },
          "sensitive_attributes": [],
          "private": "eyJlMmJmYjczMC1lY2FhLTExZTYtOGY4OC0zNDM2M2JjN2M0YzAiOnsiY3JlYXRlIjoxODAwMDAwMDAwMDAsImRlbGV0ZSI6MTgwMDAwMDAwMDAwLCJ1cGRhdGUiOjE4MDAwMDAwMDAwMH19",
          "dependencies": [
            "yandex_vpc_network.net-diplom"
          ]
        }
      ]
    }
  ],
  "check_results": null
}
