{
  "version": 4,
  "terraform_version": "1.5.7",
  "serial": 39,
  "lineage": "5b0fe1af-15b9-bfd1-60a3-ac3951133c9a",
  "outputs": {},
  "resources": [
    {
      "mode": "managed",
      "type": "local_file",
      "name": "backendConf",
      "provider": "provider[\"registry.terraform.io/hashicorp/local\"]",
      "instances": [
        {
          "schema_version": 0,
          "attributes": {
            "content": "endpoint = \"storage.yandexcloud.net\"\nbucket = \"sa-backet\"\nregion = \"ru-central1\"\nkey = \"terraform/terraform.tfstate\"\naccess_key = \"YCAJEbqf3sr4NKYx3twqG55Mq\"\nsecret_key = \"YCNqo__DoFxIysv3CH976BwW4fyH_wclBHNnFWX3\"\nskip_region_validation = true\nskip_credentials_validation = true\n",
            "content_base64": null,
            "content_base64sha256": "DEjMiXqJn6UEgdwIFuYIiYUEnLgapbWv1RDXOzyCMUE=",
            "content_base64sha512": "zs0H8DSdrAQtXW4NvIeIdshQ6o80Hj6v3utEF+Q+Lmvqy4FbzcQgum620ZADQ+4YJeElrS6BgQ3e3sASl1nriQ==",
            "content_md5": "c0a95e9dccf7a1b94ced64cf8902fcb3",
            "content_sha1": "e89a7ed862e0597c4de4d0e89995b109ecda37d6",
            "content_sha256": "0c48cc897a899fa50481dc0816e6088985049cb81aa5b5afd510d73b3c823141",
            "content_sha512": "cecd07f0349dac042d5d6e0dbc878876c850ea8f341e3eafdeeb4417e43e2e6beacb815bcdc420ba6eb6d1900343ee1825e125ad2e81810ddedec0129759eb89",
            "directory_permission": "0777",
            "file_permission": "0777",
            "filename": "../backend.key",
            "id": "e89a7ed862e0597c4de4d0e89995b109ecda37d6",
            "sensitive_content": null,
            "source": null
          },
          "sensitive_attributes": [
            [
              {
                "type": "get_attr",
                "value": "content"
              }
            ]
          ],
          "dependencies": [
            "yandex_iam_service_account.sa-diplom",
            "yandex_iam_service_account_static_access_key.sa-static-key",
            "yandex_storage_bucket.sa-backet"
          ]
        }
      ]
    },
    {
      "mode": "managed",
      "type": "yandex_iam_service_account",
      "name": "sa-diplom",
      "provider": "provider[\"registry.terraform.io/yandex-cloud/yandex\"]",
      "instances": [
        {
          "schema_version": 0,
          "attributes": {
            "created_at": "2024-03-23T19:03:43Z",
            "description": "",
            "folder_id": "b1ggeu1uli4e9e4hdqe1",
            "id": "ajem7kbo1fl642jac9pa",
            "name": "sa-diplom",
            "timeouts": null
          },
          "sensitive_attributes": [],
          "private": "eyJlMmJmYjczMC1lY2FhLTExZTYtOGY4OC0zNDM2M2JjN2M0YzAiOnsiY3JlYXRlIjo2MDAwMDAwMDAwMCwiZGVsZXRlIjo2MDAwMDAwMDAwMCwidXBkYXRlIjo2MDAwMDAwMDAwMH19"
        }
      ]
    },
    {
      "mode": "managed",
      "type": "yandex_iam_service_account_static_access_key",
      "name": "sa-static-key",
      "provider": "provider[\"registry.terraform.io/yandex-cloud/yandex\"]",
      "instances": [
        {
          "schema_version": 0,
          "attributes": {
            "access_key": "YCAJEbqf3sr4NKYx3twqG55Mq",
            "created_at": "2024-03-23T19:03:44Z",
            "description": "static access key",
            "encrypted_secret_key": null,
            "id": "ajece0ka60fiemk9qn2o",
            "key_fingerprint": null,
            "pgp_key": null,
            "secret_key": "YCNqo__DoFxIysv3CH976BwW4fyH_wclBHNnFWX3",
            "service_account_id": "ajem7kbo1fl642jac9pa"
          },
          "sensitive_attributes": [],
          "private": "bnVsbA==",
          "dependencies": [
            "yandex_iam_service_account.sa-diplom"
          ]
        }
      ]
    },
    {
      "mode": "managed",
      "type": "yandex_resourcemanager_folder_iam_member",
      "name": "editor",
      "provider": "provider[\"registry.terraform.io/yandex-cloud/yandex\"]",
      "instances": [
        {
          "schema_version": 0,
          "attributes": {
            "folder_id": "b1ggeu1uli4e9e4hdqe1",
            "id": "b1ggeu1uli4e9e4hdqe1/editor/serviceAccount:ajem7kbo1fl642jac9pa",
            "member": "serviceAccount:ajem7kbo1fl642jac9pa",
            "role": "editor",
            "sleep_after": null,
            "timeouts": null
          },
          "sensitive_attributes": [],
          "private": "eyJlMmJmYjczMC1lY2FhLTExZTYtOGY4OC0zNDM2M2JjN2M0YzAiOnsiY3JlYXRlIjo2MDAwMDAwMDAwMCwiZGVmYXVsdCI6NjAwMDAwMDAwMDAsImRlbGV0ZSI6NjAwMDAwMDAwMDAsInJlYWQiOjYwMDAwMDAwMDAwLCJ1cGRhdGUiOjYwMDAwMDAwMDAwfX0=",
          "dependencies": [
            "yandex_iam_service_account.sa-diplom"
          ]
        }
      ]
    },
    {
      "mode": "managed",
      "type": "yandex_storage_bucket",
      "name": "sa-backet",
      "provider": "provider[\"registry.terraform.io/yandex-cloud/yandex\"]",
      "instances": [
        {
          "schema_version": 1,
          "attributes": {
            "access_key": "YCAJEbqf3sr4NKYx3twqG55Mq",
            "acl": "private",
            "anonymous_access_flags": [
              {
                "config_read": false,
                "list": false,
                "read": false
              }
            ],
            "bucket": "sa-backet",
            "bucket_domain_name": "sa-backet.storage.yandexcloud.net",
            "bucket_prefix": null,
            "cors_rule": [],
            "default_storage_class": "STANDARD",
            "folder_id": "b1ggeu1uli4e9e4hdqe1",
            "force_destroy": true,
            "grant": [],
            "https": [],
            "id": "sa-backet",
            "lifecycle_rule": [],
            "logging": [],
            "max_size": 0,
            "object_lock_configuration": [],
            "policy": "",
            "secret_key": "YCNqo__DoFxIysv3CH976BwW4fyH_wclBHNnFWX3",
            "server_side_encryption_configuration": [],
            "tags": {},
            "versioning": [
              {
                "enabled": false
              }
            ],
            "website": [],
            "website_domain": null,
            "website_endpoint": null
          },
          "sensitive_attributes": [
            [
              {
                "type": "get_attr",
                "value": "secret_key"
              }
            ]
          ],
          "private": "eyJzY2hlbWFfdmVyc2lvbiI6IjEifQ==",
          "dependencies": [
            "yandex_iam_service_account.sa-diplom",
            "yandex_iam_service_account_static_access_key.sa-static-key"
          ]
        }
      ]
    },
    {
      "mode": "managed",
      "type": "yandex_storage_object",
      "name": "object",
      "provider": "provider[\"registry.terraform.io/yandex-cloud/yandex\"]",
      "instances": [
        {
          "schema_version": 0,
          "attributes": {
            "access_key": "YCAJEbqf3sr4NKYx3twqG55Mq",
            "acl": "private",
            "bucket": "sa-backet",
            "content": null,
            "content_base64": null,
            "content_type": "application/octet-stream",
            "id": "terraform.tfstate",
            "key": "terraform.tfstate",
            "object_lock_legal_hold_status": null,
            "object_lock_mode": null,
            "object_lock_retain_until_date": null,
            "secret_key": "YCNqo__DoFxIysv3CH976BwW4fyH_wclBHNnFWX3",
            "source": "./terraform.tfstate",
            "source_hash": null,
            "tags": {}
          },
          "sensitive_attributes": [
            [
              {
                "type": "get_attr",
                "value": "secret_key"
              }
            ]
          ],
          "private": "bnVsbA==",
          "dependencies": [
            "yandex_iam_service_account.sa-diplom",
            "yandex_iam_service_account_static_access_key.sa-static-key",
            "yandex_storage_bucket.sa-backet"
          ]
        }
      ]
    }
  ],
  "check_results": null
}
